
Microsoft Visual Studio Solution File, Format Version 12.00
# Visual Studio Version 17
VisualStudioVersion = 17.0.31903.59
MinimumVisualStudioVersion = 10.0.40219.1
Project("{FAE04EC0-301F-11D3-BF4B-00C04F79EFBC}") = "CRUD", "CRUD\CRUD.csproj", "{EA69FD40-E739-4FEC-B1C1-A645EE071CAA}"
EndProject
Project("{FAE04EC0-301F-11D3-BF4B-00C04F79EFBC}") = "OOP", "OOP\OOP.csproj", "{DF7AB303-AB37-4694-9ABF-D2D6FF7CF054}"
EndProject
Project("{FAE04EC0-301F-11D3-BF4B-00C04F79EFBC}") = "OOP Opg. 1", "OOP Opg. 1\OOP Opg. 1.csproj", "{F6C1CECA-35C0-43E3-B1A5-1BD724C7A3BF}"
EndProject
Project("{FAE04EC0-301F-11D3-BF4B-00C04F79EFBC}") = "Static Training", "Static Training\Static Training.csproj", "{3AB442DE-AFD0-4116-9930-339716E034FE}"
EndProject
Project("{FAE04EC0-301F-11D3-BF4B-00C04F79EFBC}") = "TryCatch", "TryCatch\TryCatch.csproj", "{D9F345DE-51D6-467A-A528-C27824EF4855}"
EndProject
Project("{FAE04EC0-301F-11D3-BF4B-00C04F79EFBC}") = "Nedarvning", "Nedarvning\Nedarvning.csproj", "{BA4B2842-3166-4104-8374-386A7F2354DF}"
EndProject
Project("{FAE04EC0-301F-11D3-BF4B-00C04F79EFBC}") = "Zoo", "Zoo\Zoo.csproj", "{B9601BFA-6CF1-49EF-8D89-C00CA25ACBAB}"
EndProject
Project("{FAE04EC0-301F-11D3-BF4B-00C04F79EFBC}") = "ZooGUI", "ZooGUI\ZooGUI.csproj", "{7C7C6F5A-23D5-4952-AF02-D0B658B7D33A}"
EndProject
Project("{FAE04EC0-301F-11D3-BF4B-00C04F79EFBC}") = "MediaPlayer", "MediaPlayer\MediaPlayer.csproj", "{1EC6CDE5-7146-4BA2-82B3-6B6A2242FF61}"
EndProject
Project("{FAE04EC0-301F-11D3-BF4B-00C04F79EFBC}") = "Types", "Types\Types.csproj", "{5A2C16BC-E1DA-4BE3-A96B-8A29E1B5B190}"
EndProject
Global
	GlobalSection(SolutionConfigurationPlatforms) = preSolution
		Debug|Any CPU = Debug|Any CPU
		Release|Any CPU = Release|Any CPU
	EndGlobalSection
	GlobalSection(SolutionProperties) = preSolution
		HideSolutionNode = FALSE
	EndGlobalSection
	GlobalSection(ProjectConfigurationPlatforms) = postSolution
		{EA69FD40-E739-4FEC-B1C1-A645EE071CAA}.Debug|Any CPU.ActiveCfg = Debug|Any CPU
		{EA69FD40-E739-4FEC-B1C1-A645EE071CAA}.Debug|Any CPU.Build.0 = Debug|Any CPU
		{EA69FD40-E739-4FEC-B1C1-A645EE071CAA}.Release|Any CPU.ActiveCfg = Release|Any CPU
		{EA69FD40-E739-4FEC-B1C1-A645EE071CAA}.Release|Any CPU.Build.0 = Release|Any CPU
		{DF7AB303-AB37-4694-9ABF-D2D6FF7CF054}.Debug|Any CPU.ActiveCfg = Debug|Any CPU
		{DF7AB303-AB37-4694-9ABF-D2D6FF7CF054}.Debug|Any CPU.Build.0 = Debug|Any CPU
		{DF7AB303-AB37-4694-9ABF-D2D6FF7CF054}.Release|Any CPU.ActiveCfg = Release|Any CPU
		{DF7AB303-AB37-4694-9ABF-D2D6FF7CF054}.Release|Any CPU.Build.0 = Release|Any CPU
		{F6C1CECA-35C0-43E3-B1A5-1BD724C7A3BF}.Debug|Any CPU.ActiveCfg = Debug|Any CPU
		{F6C1CECA-35C0-43E3-B1A5-1BD724C7A3BF}.Debug|Any CPU.Build.0 = Debug|Any CPU
		{F6C1CECA-35C0-43E3-B1A5-1BD724C7A3BF}.Release|Any CPU.ActiveCfg = Release|Any CPU
		{F6C1CECA-35C0-43E3-B1A5-1BD724C7A3BF}.Release|Any CPU.Build.0 = Release|Any CPU
		{3AB442DE-AFD0-4116-9930-339716E034FE}.Debug|Any CPU.ActiveCfg = Debug|Any CPU
		{3AB442DE-AFD0-4116-9930-339716E034FE}.Debug|Any CPU.Build.0 = Debug|Any CPU
		{3AB442DE-AFD0-4116-9930-339716E034FE}.Release|Any CPU.ActiveCfg = Release|Any CPU
		{3AB442DE-AFD0-4116-9930-339716E034FE}.Release|Any CPU.Build.0 = Release|Any CPU
		{D9F345DE-51D6-467A-A528-C27824EF4855}.Debug|Any CPU.ActiveCfg = Debug|Any CPU
		{D9F345DE-51D6-467A-A528-C27824EF4855}.Debug|Any CPU.Build.0 = Debug|Any CPU
		{D9F345DE-51D6-467A-A528-C27824EF4855}.Release|Any CPU.ActiveCfg = Release|Any CPU
		{D9F345DE-51D6-467A-A528-C27824EF4855}.Release|Any CPU.Build.0 = Release|Any CPU
		{BA4B2842-3166-4104-8374-386A7F2354DF}.Debug|Any CPU.ActiveCfg = Debug|Any CPU
		{BA4B2842-3166-4104-8374-386A7F2354DF}.Debug|Any CPU.Build.0 = Debug|Any CPU
		{BA4B2842-3166-4104-8374-386A7F2354DF}.Release|Any CPU.ActiveCfg = Release|Any CPU
		{BA4B2842-3166-4104-8374-386A7F2354DF}.Release|Any CPU.Build.0 = Release|Any CPU
		{B9601BFA-6CF1-49EF-8D89-C00CA25ACBAB}.Debug|Any CPU.ActiveCfg = Debug|Any CPU
		{B9601BFA-6CF1-49EF-8D89-C00CA25ACBAB}.Debug|Any CPU.Build.0 = Debug|Any CPU
		{B9601BFA-6CF1-49EF-8D89-C00CA25ACBAB}.Release|Any CPU.ActiveCfg = Release|Any CPU
		{B9601BFA-6CF1-49EF-8D89-C00CA25ACBAB}.Release|Any CPU.Build.0 = Release|Any CPU
		{7C7C6F5A-23D5-4952-AF02-D0B658B7D33A}.Debug|Any CPU.ActiveCfg = Debug|Any CPU
		{7C7C6F5A-23D5-4952-AF02-D0B658B7D33A}.Debug|Any CPU.Build.0 = Debug|Any CPU
		{7C7C6F5A-23D5-4952-AF02-D0B658B7D33A}.Release|Any CPU.ActiveCfg = Release|Any CPU
		{7C7C6F5A-23D5-4952-AF02-D0B658B7D33A}.Release|Any CPU.Build.0 = Release|Any CPU
		{1EC6CDE5-7146-4BA2-82B3-6B6A2242FF61}.Debug|Any CPU.ActiveCfg = Debug|Any CPU
		{1EC6CDE5-7146-4BA2-82B3-6B6A2242FF61}.Debug|Any CPU.Build.0 = Debug|Any CPU
		{1EC6CDE5-7146-4BA2-82B3-6B6A2242FF61}.Release|Any CPU.ActiveCfg = Release|Any CPU
		{1EC6CDE5-7146-4BA2-82B3-6B6A2242FF61}.Release|Any CPU.Build.0 = Release|Any CPU
		{5A2C16BC-E1DA-4BE3-A96B-8A29E1B5B190}.Debug|Any CPU.ActiveCfg = Debug|Any CPU
		{5A2C16BC-E1DA-4BE3-A96B-8A29E1B5B190}.Debug|Any CPU.Build.0 = Debug|Any CPU
		{5A2C16BC-E1DA-4BE3-A96B-8A29E1B5B190}.Release|Any CPU.ActiveCfg = Release|Any CPU
		{5A2C16BC-E1DA-4BE3-A96B-8A29E1B5B190}.Release|Any CPU.Build.0 = Release|Any CPU
	EndGlobalSection
EndGlobal
