
Microsoft Visual Studio Solution File, Format Version 12.00
# Visual Studio Version 17
VisualStudioVersion = 17.0.31903.59
MinimumVisualStudioVersion = 10.0.40219.1
Project("{2150E333-8FDC-42A3-9474-1A3956D46DE8}") = "OOP", "OOP", "{74B4417D-3BE8-4531-8B9C-ECC9D9476C5F}"
EndProject
Project("{2150E333-8FDC-42A3-9474-1A3956D46DE8}") = "Uge 2", "Uge 2", "{AC3EA58B-C6B2-4F24-A346-C1EBECD5CA6F}"
EndProject
Project("{FAE04EC0-301F-11D3-BF4B-00C04F79EFBC}") = "Bank", "OOP\Uge 2\Bank\Bank.csproj", "{C84F0C1A-622D-4735-A34B-23180809DF95}"
EndProject
Project("{FAE04EC0-301F-11D3-BF4B-00C04F79EFBC}") = "VehicleInspection", "OOP\Uge 2\VehicleInspection\VehicleInspection.csproj", "{88140383-C15F-4173-BCFD-20F562B53323}"
EndProject
Project("{FAE04EC0-301F-11D3-BF4B-00C04F79EFBC}") = "AnimalSounds", "OOP\Uge 2\AnimalSounds\AnimalSounds.csproj", "{3C249952-BAEA-41CC-9FA8-908943C77D53}"
EndProject
Project("{FAE04EC0-301F-11D3-BF4B-00C04F79EFBC}") = "MyCollectionExamples", "OOP\Uge 2\MyCollectionExamples\MyCollectionExamples.csproj", "{B4DDDC7E-0B1E-42DE-A19B-F8509F2AC851}"
EndProject
Project("{FAE04EC0-301F-11D3-BF4B-00C04F79EFBC}") = "FileHandler", "OOP\Uge 2\FileHandler\FileHandler.csproj", "{CDD632DD-DA79-4489-82AB-072932C189DB}"
EndProject
Global
	GlobalSection(SolutionConfigurationPlatforms) = preSolution
		Debug|Any CPU = Debug|Any CPU
		Release|Any CPU = Release|Any CPU
	EndGlobalSection
	GlobalSection(SolutionProperties) = preSolution
		HideSolutionNode = FALSE
	EndGlobalSection
	GlobalSection(ProjectConfigurationPlatforms) = postSolution
		{C84F0C1A-622D-4735-A34B-23180809DF95}.Debug|Any CPU.ActiveCfg = Debug|Any CPU
		{C84F0C1A-622D-4735-A34B-23180809DF95}.Debug|Any CPU.Build.0 = Debug|Any CPU
		{C84F0C1A-622D-4735-A34B-23180809DF95}.Release|Any CPU.ActiveCfg = Release|Any CPU
		{C84F0C1A-622D-4735-A34B-23180809DF95}.Release|Any CPU.Build.0 = Release|Any CPU
		{88140383-C15F-4173-BCFD-20F562B53323}.Debug|Any CPU.ActiveCfg = Debug|Any CPU
		{88140383-C15F-4173-BCFD-20F562B53323}.Debug|Any CPU.Build.0 = Debug|Any CPU
		{88140383-C15F-4173-BCFD-20F562B53323}.Release|Any CPU.ActiveCfg = Release|Any CPU
		{88140383-C15F-4173-BCFD-20F562B53323}.Release|Any CPU.Build.0 = Release|Any CPU
		{3C249952-BAEA-41CC-9FA8-908943C77D53}.Debug|Any CPU.ActiveCfg = Debug|Any CPU
		{3C249952-BAEA-41CC-9FA8-908943C77D53}.Debug|Any CPU.Build.0 = Debug|Any CPU
		{3C249952-BAEA-41CC-9FA8-908943C77D53}.Release|Any CPU.ActiveCfg = Release|Any CPU
		{3C249952-BAEA-41CC-9FA8-908943C77D53}.Release|Any CPU.Build.0 = Release|Any CPU
		{B4DDDC7E-0B1E-42DE-A19B-F8509F2AC851}.Debug|Any CPU.ActiveCfg = Debug|Any CPU
		{B4DDDC7E-0B1E-42DE-A19B-F8509F2AC851}.Debug|Any CPU.Build.0 = Debug|Any CPU
		{B4DDDC7E-0B1E-42DE-A19B-F8509F2AC851}.Release|Any CPU.ActiveCfg = Release|Any CPU
		{B4DDDC7E-0B1E-42DE-A19B-F8509F2AC851}.Release|Any CPU.Build.0 = Release|Any CPU
		{CDD632DD-DA79-4489-82AB-072932C189DB}.Debug|Any CPU.ActiveCfg = Debug|Any CPU
		{CDD632DD-DA79-4489-82AB-072932C189DB}.Debug|Any CPU.Build.0 = Debug|Any CPU
		{CDD632DD-DA79-4489-82AB-072932C189DB}.Release|Any CPU.ActiveCfg = Release|Any CPU
		{CDD632DD-DA79-4489-82AB-072932C189DB}.Release|Any CPU.Build.0 = Release|Any CPU
	EndGlobalSection
	GlobalSection(NestedProjects) = preSolution
		{AC3EA58B-C6B2-4F24-A346-C1EBECD5CA6F} = {74B4417D-3BE8-4531-8B9C-ECC9D9476C5F}
		{C84F0C1A-622D-4735-A34B-23180809DF95} = {AC3EA58B-C6B2-4F24-A346-C1EBECD5CA6F}
		{88140383-C15F-4173-BCFD-20F562B53323} = {AC3EA58B-C6B2-4F24-A346-C1EBECD5CA6F}
		{3C249952-BAEA-41CC-9FA8-908943C77D53} = {AC3EA58B-C6B2-4F24-A346-C1EBECD5CA6F}
		{B4DDDC7E-0B1E-42DE-A19B-F8509F2AC851} = {AC3EA58B-C6B2-4F24-A346-C1EBECD5CA6F}
		{CDD632DD-DA79-4489-82AB-072932C189DB} = {AC3EA58B-C6B2-4F24-A346-C1EBECD5CA6F}
	EndGlobalSection
EndGlobal
